// !$*UTF8*$!
{
	archiveVersion = 1;
	classes = {
	};
	objectVersion = 77;
	objects = {

/* Begin PBXBuildFile section */
		06792520715CB89C2AE58759 /* FinderLauncher.swift in Sources */ = {isa = PBXBuildFile; fileRef = 56D6BFB5C103431ACA91184B /* FinderLauncher.swift */; };
		21C67320AAF9861F7E1E4D88 /* SettingsViewModelTests.swift in Sources */ = {isa = PBXBuildFile; fileRef = 7A3F7AC0708B5AF342DD1FE0 /* SettingsViewModelTests.swift */; };
		29AAC183347473942D1FB390 /* main.swift in Sources */ = {isa = PBXBuildFile; fileRef = A5CD2B058B38711BA354038B /* main.swift */; };
		48106FD2532DBDA9BC59EA95 /* Views.swift in Sources */ = {isa = PBXBuildFile; fileRef = D037B52FD64A9964495F2255 /* Views.swift */; };
		48A547E3BFB191B6D8FB5E91 /* Models.swift in Sources */ = {isa = PBXBuildFile; fileRef = 76022CFD1A67B9799C04E4F3 /* Models.swift */; };
		57C27648BC5358DB8E70993B /* ValidationTests.swift in Sources */ = {isa = PBXBuildFile; fileRef = 68B1546E9E0B7D3899FC5058 /* ValidationTests.swift */; };
		6E3A10967827FB17E5EDDD46 /* AppLauncher.swift in Sources */ = {isa = PBXBuildFile; fileRef = FCCC84E120158D619C54EAF6 /* AppLauncher.swift */; };
		9503CAD11D024327ECEACD92 /* ChromeLauncher.swift in Sources */ = {isa = PBXBuildFile; fileRef = 767C872683D69FD138F7FD8E /* ChromeLauncher.swift */; };
		A790FEF784870CFD51D28F5B /* Validation.swift in Sources */ = {isa = PBXBuildFile; fileRef = 7E9E98605E5EC73A70B567A3 /* Validation.swift */; };
		B4FFF02FF93C9786ED215836 /* LauncherUtils.swift in Sources */ = {isa = PBXBuildFile; fileRef = 0FD790A6D13A0E7403EFAE8B /* LauncherUtils.swift */; };
		C0D9C046AF7B694410E7352F /* ModelTests.swift in Sources */ = {isa = PBXBuildFile; fileRef = C4103DFE140D595EE3A5DBD6 /* ModelTests.swift */; };
		C3567E5BBF266C2C79AB02BE /* AppDelegate.swift in Sources */ = {isa = PBXBuildFile; fileRef = B9D1143F7F396BAD41C8D093 /* AppDelegate.swift */; };
		E47230323DAB68F8CF8D74CC /* SettingsViewModel.swift in Sources */ = {isa = PBXBuildFile; fileRef = 94B59440821396FF3BC2B6BB /* SettingsViewModel.swift */; };
		FB894175A60835F9F6FE7603 /* ShellLauncher.swift in Sources */ = {isa = PBXBuildFile; fileRef = 9BCD6DC487A819DB2F787846 /* ShellLauncher.swift */; };
/* End PBXBuildFile section */

/* Begin PBXContainerItemProxy section */
		A5E59570AFB37B981EDF04D7 /* PBXContainerItemProxy */ = {
			isa = PBXContainerItemProxy;
			containerPortal = 094ECDE8A6DC1996754F6EA9 /* Project object */;
			proxyType = 1;
			remoteGlobalIDString = 4E7B313F375F30307D26E14C;
			remoteInfo = Chap;
		};
/* End PBXContainerItemProxy section */

/* Begin PBXFileReference section */
		0FD790A6D13A0E7403EFAE8B /* LauncherUtils.swift */ = {isa = PBXFileReference; lastKnownFileType = sourcecode.swift; path = LauncherUtils.swift; sourceTree = "<group>"; };
		4DEBCAB6FE5B908D006F12F7 /* ChapTests.xctest */ = {isa = PBXFileReference; explicitFileType = wrapper.cfbundle; includeInIndex = 0; path = ChapTests.xctest; sourceTree = BUILT_PRODUCTS_DIR; };
		56D6BFB5C103431ACA91184B /* FinderLauncher.swift */ = {isa = PBXFileReference; lastKnownFileType = sourcecode.swift; path = FinderLauncher.swift; sourceTree = "<group>"; };
		68B1546E9E0B7D3899FC5058 /* ValidationTests.swift */ = {isa = PBXFileReference; lastKnownFileType = sourcecode.swift; path = ValidationTests.swift; sourceTree = "<group>"; };
		76022CFD1A67B9799C04E4F3 /* Models.swift */ = {isa = PBXFileReference; lastKnownFileType = sourcecode.swift; path = Models.swift; sourceTree = "<group>"; };
		767C872683D69FD138F7FD8E /* ChromeLauncher.swift */ = {isa = PBXFileReference; lastKnownFileType = sourcecode.swift; path = ChromeLauncher.swift; sourceTree = "<group>"; };
		7A3F7AC0708B5AF342DD1FE0 /* SettingsViewModelTests.swift */ = {isa = PBXFileReference; lastKnownFileType = sourcecode.swift; path = SettingsViewModelTests.swift; sourceTree = "<group>"; };
		7E9E98605E5EC73A70B567A3 /* Validation.swift */ = {isa = PBXFileReference; lastKnownFileType = sourcecode.swift; path = Validation.swift; sourceTree = "<group>"; };
		94B59440821396FF3BC2B6BB /* SettingsViewModel.swift */ = {isa = PBXFileReference; lastKnownFileType = sourcecode.swift; path = SettingsViewModel.swift; sourceTree = "<group>"; };
		9BCD6DC487A819DB2F787846 /* ShellLauncher.swift */ = {isa = PBXFileReference; lastKnownFileType = sourcecode.swift; path = ShellLauncher.swift; sourceTree = "<group>"; };
		A5CD2B058B38711BA354038B /* main.swift */ = {isa = PBXFileReference; lastKnownFileType = sourcecode.swift; path = main.swift; sourceTree = "<group>"; };
		B4B9D01FB4784FF4072DA2BD /* Info.plist */ = {isa = PBXFileReference; lastKnownFileType = text.plist; path = Info.plist; sourceTree = "<group>"; };
		B9D1143F7F396BAD41C8D093 /* AppDelegate.swift */ = {isa = PBXFileReference; lastKnownFileType = sourcecode.swift; path = AppDelegate.swift; sourceTree = "<group>"; };
		C4103DFE140D595EE3A5DBD6 /* ModelTests.swift */ = {isa = PBXFileReference; lastKnownFileType = sourcecode.swift; path = ModelTests.swift; sourceTree = "<group>"; };
		D037B52FD64A9964495F2255 /* Views.swift */ = {isa = PBXFileReference; lastKnownFileType = sourcecode.swift; path = Views.swift; sourceTree = "<group>"; };
		FBAB0EE4A373ADEBF89D0B17 /* Chap.app */ = {isa = PBXFileReference; explicitFileType = wrapper.application; includeInIndex = 0; path = Chap.app; sourceTree = BUILT_PRODUCTS_DIR; };
		FCCC84E120158D619C54EAF6 /* AppLauncher.swift */ = {isa = PBXFileReference; lastKnownFileType = sourcecode.swift; path = AppLauncher.swift; sourceTree = "<group>"; };
/* End PBXFileReference section */

/* Begin PBXGroup section */
		561E893B3BF424CBD002748D /* ChapCoreTests */ = {
			isa = PBXGroup;
			children = (
				C4103DFE140D595EE3A5DBD6 /* ModelTests.swift */,
				7A3F7AC0708B5AF342DD1FE0 /* SettingsViewModelTests.swift */,
				68B1546E9E0B7D3899FC5058 /* ValidationTests.swift */,
			);
			name = ChapCoreTests;
			path = Tests/ChapCoreTests;
			sourceTree = "<group>";
		};
		735A474B2C8A4A6D5958E2A4 /* Launchers */ = {
			isa = PBXGroup;
			children = (
				FCCC84E120158D619C54EAF6 /* AppLauncher.swift */,
				767C872683D69FD138F7FD8E /* ChromeLauncher.swift */,
				56D6BFB5C103431ACA91184B /* FinderLauncher.swift */,
				0FD790A6D13A0E7403EFAE8B /* LauncherUtils.swift */,
				9BCD6DC487A819DB2F787846 /* ShellLauncher.swift */,
			);
			path = Launchers;
			sourceTree = "<group>";
		};
		8B6B79E3D3EE4BD77D28E02F /* ChapCore */ = {
			isa = PBXGroup;
			children = (
				76022CFD1A67B9799C04E4F3 /* Models.swift */,
				94B59440821396FF3BC2B6BB /* SettingsViewModel.swift */,
				7E9E98605E5EC73A70B567A3 /* Validation.swift */,
			);
			name = ChapCore;
			path = Sources/ChapCore;
			sourceTree = "<group>";
		};
		A86DA0845EEAE1EFA7A804DC /* Products */ = {
			isa = PBXGroup;
			children = (
				FBAB0EE4A373ADEBF89D0B17 /* Chap.app */,
				4DEBCAB6FE5B908D006F12F7 /* ChapTests.xctest */,
			);
			name = Products;
			sourceTree = "<group>";
		};
		CAF10F41A4E5635E7C96B9BA /* Chap */ = {
			isa = PBXGroup;
			children = (
				B9D1143F7F396BAD41C8D093 /* AppDelegate.swift */,
				B4B9D01FB4784FF4072DA2BD /* Info.plist */,
				A5CD2B058B38711BA354038B /* main.swift */,
				D037B52FD64A9964495F2255 /* Views.swift */,
				735A474B2C8A4A6D5958E2A4 /* Launchers */,
			);
			name = Chap;
			path = Sources/Chap;
			sourceTree = "<group>";
		};
		CE468908D019A6603136F308 = {
			isa = PBXGroup;
			children = (
				CAF10F41A4E5635E7C96B9BA /* Chap */,
				8B6B79E3D3EE4BD77D28E02F /* ChapCore */,
				561E893B3BF424CBD002748D /* ChapCoreTests */,
				A86DA0845EEAE1EFA7A804DC /* Products */,
			);
			sourceTree = "<group>";
		};
/* End PBXGroup section */

/* Begin PBXNativeTarget section */
		000BD7306A8F8F696D8865EB /* ChapTests */ = {
			isa = PBXNativeTarget;
			buildConfigurationList = 7151ECB61B8785377E2767D5 /* Build configuration list for PBXNativeTarget "ChapTests" */;
			buildPhases = (
				733B30C11B436B4A9E884685 /* Sources */,
			);
			buildRules = (
			);
			dependencies = (
				DB0F6E3F192EC44460A3CF9C /* PBXTargetDependency */,
			);
			name = ChapTests;
			packageProductDependencies = (
			);
			productName = ChapTests;
			productReference = 4DEBCAB6FE5B908D006F12F7 /* ChapTests.xctest */;
			productType = "com.apple.product-type.bundle.unit-test";
		};
		4E7B313F375F30307D26E14C /* Chap */ = {
			isa = PBXNativeTarget;
			buildConfigurationList = 50BC609D0AADC7EE18A58500 /* Build configuration list for PBXNativeTarget "Chap" */;
			buildPhases = (
				BADF3E04FDCA6D0DF6DFEFBE /* Sources */,
			);
			buildRules = (
			);
			dependencies = (
			);
			name = Chap;
			packageProductDependencies = (
			);
			productName = Chap;
			productReference = FBAB0EE4A373ADEBF89D0B17 /* Chap.app */;
			productType = "com.apple.product-type.application";
		};
/* End PBXNativeTarget section */

/* Begin PBXProject section */
		094ECDE8A6DC1996754F6EA9 /* Project object */ = {
			isa = PBXProject;
			attributes = {
				BuildIndependentTargetsInParallel = YES;
				LastUpgradeCheck = 1600;
				TargetAttributes = {
				};
			};
			buildConfigurationList = C8CBCE07D0081F943184D874 /* Build configuration list for PBXProject "Chap" */;
			developmentRegion = en;
			hasScannedForEncodings = 0;
			knownRegions = (
				Base,
				en,
			);
			mainGroup = CE468908D019A6603136F308;
			minimizedProjectReferenceProxies = 1;
			preferredProjectObjectVersion = 77;
			productRefGroup = A86DA0845EEAE1EFA7A804DC /* Products */;
			projectDirPath = "";
			projectRoot = "";
			targets = (
				4E7B313F375F30307D26E14C /* Chap */,
				000BD7306A8F8F696D8865EB /* ChapTests */,
			);
		};
/* End PBXProject section */

/* Begin PBXSourcesBuildPhase section */
		733B30C11B436B4A9E884685 /* Sources */ = {
			isa = PBXSourcesBuildPhase;
			buildActionMask = 2147483647;
			files = (
				C0D9C046AF7B694410E7352F /* ModelTests.swift in Sources */,
				21C67320AAF9861F7E1E4D88 /* SettingsViewModelTests.swift in Sources */,
				57C27648BC5358DB8E70993B /* ValidationTests.swift in Sources */,
			);
			runOnlyForDeploymentPostprocessing = 0;
		};
		BADF3E04FDCA6D0DF6DFEFBE /* Sources */ = {
			isa = PBXSourcesBuildPhase;
			buildActionMask = 2147483647;
			files = (
				C3567E5BBF266C2C79AB02BE /* AppDelegate.swift in Sources */,
				6E3A10967827FB17E5EDDD46 /* AppLauncher.swift in Sources */,
				9503CAD11D024327ECEACD92 /* ChromeLauncher.swift in Sources */,
				06792520715CB89C2AE58759 /* FinderLauncher.swift in Sources */,
				B4FFF02FF93C9786ED215836 /* LauncherUtils.swift in Sources */,
				48A547E3BFB191B6D8FB5E91 /* Models.swift in Sources */,
				E47230323DAB68F8CF8D74CC /* SettingsViewModel.swift in Sources */,
				FB894175A60835F9F6FE7603 /* ShellLauncher.swift in Sources */,
				A790FEF784870CFD51D28F5B /* Validation.swift in Sources */,
				48106FD2532DBDA9BC59EA95 /* Views.swift in Sources */,
				29AAC183347473942D1FB390 /* main.swift in Sources */,
			);
			runOnlyForDeploymentPostprocessing = 0;
		};
/* End PBXSourcesBuildPhase section */

/* Begin PBXTargetDependency section */
		DB0F6E3F192EC44460A3CF9C /* PBXTargetDependency */ = {
			isa = PBXTargetDependency;
			target = 4E7B313F375F30307D26E14C /* Chap */;
			targetProxy = A5E59570AFB37B981EDF04D7 /* PBXContainerItemProxy */;
		};
/* End PBXTargetDependency section */

/* Begin XCBuildConfiguration section */
		12865C4A96161DD02D5554B9 /* Release */ = {
			isa = XCBuildConfiguration;
			buildSettings = {
				ALWAYS_SEARCH_USER_PATHS = NO;
				CLANG_ANALYZER_NONNULL = YES;
				CLANG_ANALYZER_NUMBER_OBJECT_CONVERSION = YES_AGGRESSIVE;
				CLANG_CXX_LANGUAGE_STANDARD = "gnu++14";
				CLANG_CXX_LIBRARY = "libc++";
				CLANG_ENABLE_MODULES = YES;
				CLANG_ENABLE_OBJC_ARC = YES;
				CLANG_ENABLE_OBJC_WEAK = YES;
				CLANG_WARN_BLOCK_CAPTURE_AUTORELEASING = YES;
				CLANG_WARN_BOOL_CONVERSION = YES;
				CLANG_WARN_COMMA = YES;
				CLANG_WARN_CONSTANT_CONVERSION = YES;
				CLANG_WARN_DEPRECATED_OBJC_IMPLEMENTATIONS = YES;
				CLANG_WARN_DIRECT_OBJC_ISA_USAGE = YES_ERROR;
				CLANG_WARN_DOCUMENTATION_COMMENTS = YES;
				CLANG_WARN_EMPTY_BODY = YES;
				CLANG_WARN_ENUM_CONVERSION = YES;
				CLANG_WARN_INFINITE_RECURSION = YES;
				CLANG_WARN_INT_CONVERSION = YES;
				CLANG_WARN_NON_LITERAL_NULL_CONVERSION = YES;
				CLANG_WARN_OBJC_IMPLICIT_RETAIN_SELF = YES;
				CLANG_WARN_OBJC_LITERAL_CONVERSION = YES;
				CLANG_WARN_OBJC_ROOT_CLASS = YES_ERROR;
				CLANG_WARN_QUOTED_INCLUDE_IN_FRAMEWORK_HEADER = YES;
				CLANG_WARN_RANGE_LOOP_ANALYSIS = YES;
				CLANG_WARN_STRICT_PROTOTYPES = YES;
				CLANG_WARN_SUSPICIOUS_MOVE = YES;
				CLANG_WARN_UNGUARDED_AVAILABILITY = YES_AGGRESSIVE;
				CLANG_WARN_UNREACHABLE_CODE = YES;
				CLANG_WARN__DUPLICATE_METHOD_MATCH = YES;
				COPY_PHASE_STRIP = NO;
				DEBUG_INFORMATION_FORMAT = "dwarf-with-dsym";
				ENABLE_NS_ASSERTIONS = NO;
				ENABLE_STRICT_OBJC_MSGSEND = YES;
				GCC_C_LANGUAGE_STANDARD = gnu11;
				GCC_NO_COMMON_BLOCKS = YES;
				GCC_WARN_64_TO_32_BIT_CONVERSION = YES;
				GCC_WARN_ABOUT_RETURN_TYPE = YES_ERROR;
				GCC_WARN_UNDECLARED_SELECTOR = YES;
				GCC_WARN_UNINITIALIZED_AUTOS = YES_AGGRESSIVE;
				GCC_WARN_UNUSED_FUNCTION = YES;
				GCC_WARN_UNUSED_VARIABLE = YES;
				MACOSX_DEPLOYMENT_TARGET = 14.0;
				MTL_ENABLE_DEBUG_INFO = NO;
				MTL_FAST_MATH = YES;
				PRODUCT_NAME = "$(TARGET_NAME)";
				SDKROOT = macosx;
				SWIFT_COMPILATION_MODE = wholemodule;
				SWIFT_OPTIMIZATION_LEVEL = "-O";
				SWIFT_VERSION = 5.0;
			};
			name = Release;
		};
		88A70A3D4D01CACB7CBBA646 /* Debug */ = {
			isa = XCBuildConfiguration;
			buildSettings = {
				BUNDLE_LOADER = "$(TEST_HOST)";
				CODE_SIGN_IDENTITY = "-";
				COMBINE_HIDPI_IMAGES = YES;
				GENERATE_INFOPLIST_FILE = YES;
				LD_RUNPATH_SEARCH_PATHS = (
					"$(inherited)",
					"@executable_path/../Frameworks",
					"@loader_path/../Frameworks",
				);
				MACOSX_DEPLOYMENT_TARGET = 14.0;
				PRODUCT_BUNDLE_IDENTIFIER = com.mingyupark.ChapTests;
				SDKROOT = macosx;
				SWIFT_VERSION = 5.9;
				TEST_HOST = "$(BUILT_PRODUCTS_DIR)/Chap.app/Contents/MacOS/Chap";
			};
			name = Debug;
		};
		9D6799D78CC74CF830405D26 /* Release */ = {
			isa = XCBuildConfiguration;
			buildSettings = {
				BUNDLE_LOADER = "$(TEST_HOST)";
				CODE_SIGN_IDENTITY = "-";
				COMBINE_HIDPI_IMAGES = YES;
				GENERATE_INFOPLIST_FILE = YES;
				LD_RUNPATH_SEARCH_PATHS = (
					"$(inherited)",
					"@executable_path/../Frameworks",
					"@loader_path/../Frameworks",
				);
				MACOSX_DEPLOYMENT_TARGET = 14.0;
				PRODUCT_BUNDLE_IDENTIFIER = com.mingyupark.ChapTests;
				SDKROOT = macosx;
				SWIFT_VERSION = 5.9;
				TEST_HOST = "$(BUILT_PRODUCTS_DIR)/Chap.app/Contents/MacOS/Chap";
			};
			name = Release;
		};
		AD4D4765A722C748CB517638 /* Release */ = {
			isa = XCBuildConfiguration;
			buildSettings = {
				ASSETCATALOG_COMPILER_APPICON_NAME = AppIcon;
				CODE_SIGN_IDENTITY = "-";
				COMBINE_HIDPI_IMAGES = YES;
				CURRENT_PROJECT_VERSION = 1;
				GENERATE_INFOPLIST_FILE = YES;
				INFOPLIST_FILE = Sources/Chap/Info.plist;
				INFOPLIST_KEY_CFBundleDisplayName = Chap;
				INFOPLIST_KEY_LSUIElement = YES;
				INFOPLIST_KEY_NSHumanReadableCopyright = "© 2026 Mingyu";
				LD_RUNPATH_SEARCH_PATHS = (
					"$(inherited)",
					"@executable_path/../Frameworks",
				);
				MACOSX_DEPLOYMENT_TARGET = 14.0;
				MARKETING_VERSION = 2.2.9;
				PRODUCT_BUNDLE_IDENTIFIER = com.mingyupark.Chap;
				SDKROOT = macosx;
				SWIFT_VERSION = 5.9;
			};
			name = Release;
		};
		B888217FB4D519664209BE19 /* Debug */ = {
			isa = XCBuildConfiguration;
			buildSettings = {
				ALWAYS_SEARCH_USER_PATHS = NO;
				CLANG_ANALYZER_NONNULL = YES;
				CLANG_ANALYZER_NUMBER_OBJECT_CONVERSION = YES_AGGRESSIVE;
				CLANG_CXX_LANGUAGE_STANDARD = "gnu++14";
				CLANG_CXX_LIBRARY = "libc++";
				CLANG_ENABLE_MODULES = YES;
				CLANG_ENABLE_OBJC_ARC = YES;
				CLANG_ENABLE_OBJC_WEAK = YES;
				CLANG_WARN_BLOCK_CAPTURE_AUTORELEASING = YES;
				CLANG_WARN_BOOL_CONVERSION = YES;
				CLANG_WARN_COMMA = YES;
				CLANG_WARN_CONSTANT_CONVERSION = YES;
				CLANG_WARN_DEPRECATED_OBJC_IMPLEMENTATIONS = YES;
				CLANG_WARN_DIRECT_OBJC_ISA_USAGE = YES_ERROR;
				CLANG_WARN_DOCUMENTATION_COMMENTS = YES;
				CLANG_WARN_EMPTY_BODY = YES;
				CLANG_WARN_ENUM_CONVERSION = YES;
				CLANG_WARN_INFINITE_RECURSION = YES;
				CLANG_WARN_INT_CONVERSION = YES;
				CLANG_WARN_NON_LITERAL_NULL_CONVERSION = YES;
				CLANG_WARN_OBJC_IMPLICIT_RETAIN_SELF = YES;
				CLANG_WARN_OBJC_LITERAL_CONVERSION = YES;
				CLANG_WARN_OBJC_ROOT_CLASS = YES_ERROR;
				CLANG_WARN_QUOTED_INCLUDE_IN_FRAMEWORK_HEADER = YES;
				CLANG_WARN_RANGE_LOOP_ANALYSIS = YES;
				CLANG_WARN_STRICT_PROTOTYPES = YES;
				CLANG_WARN_SUSPICIOUS_MOVE = YES;
				CLANG_WARN_UNGUARDED_AVAILABILITY = YES_AGGRESSIVE;
				CLANG_WARN_UNREACHABLE_CODE = YES;
				CLANG_WARN__DUPLICATE_METHOD_MATCH = YES;
				COPY_PHASE_STRIP = NO;
				DEBUG_INFORMATION_FORMAT = dwarf;
				ENABLE_STRICT_OBJC_MSGSEND = YES;
				ENABLE_TESTABILITY = YES;
				GCC_C_LANGUAGE_STANDARD = gnu11;
				GCC_DYNAMIC_NO_PIC = NO;
				GCC_NO_COMMON_BLOCKS = YES;
				GCC_OPTIMIZATION_LEVEL = 0;
				GCC_PREPROCESSOR_DEFINITIONS = (
					"$(inherited)",
					"DEBUG=1",
				);
				GCC_WARN_64_TO_32_BIT_CONVERSION = YES;
				GCC_WARN_ABOUT_RETURN_TYPE = YES_ERROR;
				GCC_WARN_UNDECLARED_SELECTOR = YES;
				GCC_WARN_UNINITIALIZED_AUTOS = YES_AGGRESSIVE;
				GCC_WARN_UNUSED_FUNCTION = YES;
				GCC_WARN_UNUSED_VARIABLE = YES;
				MACOSX_DEPLOYMENT_TARGET = 14.0;
				MTL_ENABLE_DEBUG_INFO = INCLUDE_SOURCE;
				MTL_FAST_MATH = YES;
				ONLY_ACTIVE_ARCH = YES;
				PRODUCT_NAME = "$(TARGET_NAME)";
				SDKROOT = macosx;
				SWIFT_ACTIVE_COMPILATION_CONDITIONS = DEBUG;
				SWIFT_OPTIMIZATION_LEVEL = "-Onone";
				SWIFT_VERSION = 5.0;
			};
			name = Debug;
		};
		CDE1EEEC8FB4110454E8C88A /* Debug */ = {
			isa = XCBuildConfiguration;
			buildSettings = {
				ASSETCATALOG_COMPILER_APPICON_NAME = AppIcon;
				CODE_SIGN_IDENTITY = "-";
				COMBINE_HIDPI_IMAGES = YES;
				CURRENT_PROJECT_VERSION = 1;
				GENERATE_INFOPLIST_FILE = YES;
				INFOPLIST_FILE = Sources/Chap/Info.plist;
				INFOPLIST_KEY_CFBundleDisplayName = Chap;
				INFOPLIST_KEY_LSUIElement = YES;
				INFOPLIST_KEY_NSHumanReadableCopyright = "© 2026 Mingyu";
				LD_RUNPATH_SEARCH_PATHS = (
					"$(inherited)",
					"@executable_path/../Frameworks",
				);
				MACOSX_DEPLOYMENT_TARGET = 14.0;
				MARKETING_VERSION = 2.2.9;
				PRODUCT_BUNDLE_IDENTIFIER = com.mingyupark.Chap;
				SDKROOT = macosx;
				SWIFT_VERSION = 5.9;
			};
			name = Debug;
		};
/* End XCBuildConfiguration section */

/* Begin XCConfigurationList section */
		50BC609D0AADC7EE18A58500 /* Build configuration list for PBXNativeTarget "Chap" */ = {
			isa = XCConfigurationList;
			buildConfigurations = (
				CDE1EEEC8FB4110454E8C88A /* Debug */,
				AD4D4765A722C748CB517638 /* Release */,
			);
			defaultConfigurationIsVisible = 0;
			defaultConfigurationName = Debug;
		};
		7151ECB61B8785377E2767D5 /* Build configuration list for PBXNativeTarget "ChapTests" */ = {
			isa = XCConfigurationList;
			buildConfigurations = (
				88A70A3D4D01CACB7CBBA646 /* Debug */,
				9D6799D78CC74CF830405D26 /* Release */,
			);
			defaultConfigurationIsVisible = 0;
			defaultConfigurationName = Debug;
		};
		C8CBCE07D0081F943184D874 /* Build configuration list for PBXProject "Chap" */ = {
			isa = XCConfigurationList;
			buildConfigurations = (
				B888217FB4D519664209BE19 /* Debug */,
				12865C4A96161DD02D5554B9 /* Release */,
			);
			defaultConfigurationIsVisible = 0;
			defaultConfigurationName = Debug;
		};
/* End XCConfigurationList section */
	};
	rootObject = 094ECDE8A6DC1996754F6EA9 /* Project object */;
}
